
Microsoft Visual Studio Solution File, Format Version 11.00
# Visual Studio 2010
Project("{FAE04EC0-301F-11D3-BF4B-00C04F79EFBC}") = "Assembly-CSharp", "Assembly-CSharp.csproj", "{1D45277B-A47E-F56E-AB7D-9CA29A1739D3}"
EndProject
Project("{FAE04EC0-301F-11D3-BF4B-00C04F79EFBC}") = "SteamVR", "SteamVR.csproj", "{C2EFAC74-A267-B77A-F87E-E65D9EDC078A}"
EndProject
Project("{FAE04EC0-301F-11D3-BF4B-00C04F79EFBC}") = "SteamVR_Editor", "SteamVR_Editor.csproj", "{144DBC0E-D5D5-D6D3-4250-0480C7909071}"
EndProject
Project("{FAE04EC0-301F-11D3-BF4B-00C04F79EFBC}") = "SteamVR_Input_Editor", "SteamVR_Input_Editor.csproj", "{342734A4-0CC3-3BAF-BD4E-BEBA1E86774D}"
EndProject
Project("{FAE04EC0-301F-11D3-BF4B-00C04F79EFBC}") = "SteamVR_Windows_EditorHelper", "SteamVR_Windows_EditorHelper.csproj", "{50A4725D-B840-06C9-ABD7-AF22562B74D3}"
EndProject
Global
	GlobalSection(SolutionConfigurationPlatforms) = preSolution
		Debug|Any CPU = Debug|Any CPU
		Release|Any CPU = Release|Any CPU
	EndGlobalSection
	GlobalSection(ProjectConfigurationPlatforms) = postSolution
		{1D45277B-A47E-F56E-AB7D-9CA29A1739D3}.Debug|Any CPU.ActiveCfg = Debug|Any CPU
		{1D45277B-A47E-F56E-AB7D-9CA29A1739D3}.Debug|Any CPU.Build.0 = Debug|Any CPU
		{1D45277B-A47E-F56E-AB7D-9CA29A1739D3}.Release|Any CPU.ActiveCfg = Release|Any CPU
		{1D45277B-A47E-F56E-AB7D-9CA29A1739D3}.Release|Any CPU.Build.0 = Release|Any CPU
		{C2EFAC74-A267-B77A-F87E-E65D9EDC078A}.Debug|Any CPU.ActiveCfg = Debug|Any CPU
		{C2EFAC74-A267-B77A-F87E-E65D9EDC078A}.Debug|Any CPU.Build.0 = Debug|Any CPU
		{C2EFAC74-A267-B77A-F87E-E65D9EDC078A}.Release|Any CPU.ActiveCfg = Release|Any CPU
		{C2EFAC74-A267-B77A-F87E-E65D9EDC078A}.Release|Any CPU.Build.0 = Release|Any CPU
		{144DBC0E-D5D5-D6D3-4250-0480C7909071}.Debug|Any CPU.ActiveCfg = Debug|Any CPU
		{144DBC0E-D5D5-D6D3-4250-0480C7909071}.Debug|Any CPU.Build.0 = Debug|Any CPU
		{144DBC0E-D5D5-D6D3-4250-0480C7909071}.Release|Any CPU.ActiveCfg = Release|Any CPU
		{144DBC0E-D5D5-D6D3-4250-0480C7909071}.Release|Any CPU.Build.0 = Release|Any CPU
		{342734A4-0CC3-3BAF-BD4E-BEBA1E86774D}.Debug|Any CPU.ActiveCfg = Debug|Any CPU
		{342734A4-0CC3-3BAF-BD4E-BEBA1E86774D}.Debug|Any CPU.Build.0 = Debug|Any CPU
		{342734A4-0CC3-3BAF-BD4E-BEBA1E86774D}.Release|Any CPU.ActiveCfg = Release|Any CPU
		{342734A4-0CC3-3BAF-BD4E-BEBA1E86774D}.Release|Any CPU.Build.0 = Release|Any CPU
		{50A4725D-B840-06C9-ABD7-AF22562B74D3}.Debug|Any CPU.ActiveCfg = Debug|Any CPU
		{50A4725D-B840-06C9-ABD7-AF22562B74D3}.Debug|Any CPU.Build.0 = Debug|Any CPU
		{50A4725D-B840-06C9-ABD7-AF22562B74D3}.Release|Any CPU.ActiveCfg = Release|Any CPU
		{50A4725D-B840-06C9-ABD7-AF22562B74D3}.Release|Any CPU.Build.0 = Release|Any CPU
	EndGlobalSection
	GlobalSection(SolutionProperties) = preSolution
		HideSolutionNode = FALSE
	EndGlobalSection
EndGlobal
